// !$*UTF8*$!
{
	archiveVersion = 1;
	classes = {
	};
	objectVersion = 56;
	objects = {

/* Begin PBXBuildFile section */
		DB11D219294B209700B4A93E /* GithubApp.swift in Sources */ = {isa = PBXBuildFile; fileRef = DB11D218294B209700B4A93E /* GithubApp.swift */; };
		DB11D21B294B209700B4A93E /* ContentView.swift in Sources */ = {isa = PBXBuildFile; fileRef = DB11D21A294B209700B4A93E /* ContentView.swift */; };
		DB11D21D294B209800B4A93E /* Assets.xcassets in Resources */ = {isa = PBXBuildFile; fileRef = DB11D21C294B209800B4A93E /* Assets.xcassets */; };
		DB11D221294B209800B4A93E /* Preview Assets.xcassets in Resources */ = {isa = PBXBuildFile; fileRef = DB11D220294B209800B4A93E /* Preview Assets.xcassets */; };
		DB11D22B294B209800B4A93E /* GithubTests.swift in Sources */ = {isa = PBXBuildFile; fileRef = DB11D22A294B209800B4A93E /* GithubTests.swift */; };
		DB1AED88294B2FC600DFEBE7 /* URLRequest+Init.swift in Sources */ = {isa = PBXBuildFile; fileRef = DB1AED87294B2FC600DFEBE7 /* URLRequest+Init.swift */; };
		DB1AED8A294B2FF300DFEBE7 /* Endpoint.swift in Sources */ = {isa = PBXBuildFile; fileRef = DB1AED89294B2FF300DFEBE7 /* Endpoint.swift */; };
		DB1AED8B294B322E00DFEBE7 /* RequestTests.swift in Sources */ = {isa = PBXBuildFile; fileRef = DB1AED83294B2D6800DFEBE7 /* RequestTests.swift */; };
/* End PBXBuildFile section */

/* Begin PBXContainerItemProxy section */
		DB11D227294B209800B4A93E /* PBXContainerItemProxy */ = {
			isa = PBXContainerItemProxy;
			containerPortal = DB11D20D294B209700B4A93E /* Project object */;
			proxyType = 1;
			remoteGlobalIDString = DB11D214294B209700B4A93E;
			remoteInfo = Github;
		};
/* End PBXContainerItemProxy section */

/* Begin PBXFileReference section */
		DB11D215294B209700B4A93E /* Github.app */ = {isa = PBXFileReference; explicitFileType = wrapper.application; includeInIndex = 0; path = Github.app; sourceTree = BUILT_PRODUCTS_DIR; };
		DB11D218294B209700B4A93E /* GithubApp.swift */ = {isa = PBXFileReference; lastKnownFileType = sourcecode.swift; path = GithubApp.swift; sourceTree = "<group>"; };
		DB11D21A294B209700B4A93E /* ContentView.swift */ = {isa = PBXFileReference; lastKnownFileType = sourcecode.swift; path = ContentView.swift; sourceTree = "<group>"; };
		DB11D21C294B209800B4A93E /* Assets.xcassets */ = {isa = PBXFileReference; lastKnownFileType = folder.assetcatalog; path = Assets.xcassets; sourceTree = "<group>"; };
		DB11D21E294B209800B4A93E /* Github.entitlements */ = {isa = PBXFileReference; lastKnownFileType = text.plist.entitlements; path = Github.entitlements; sourceTree = "<group>"; };
		DB11D220294B209800B4A93E /* Preview Assets.xcassets */ = {isa = PBXFileReference; lastKnownFileType = folder.assetcatalog; path = "Preview Assets.xcassets"; sourceTree = "<group>"; };
		DB11D226294B209800B4A93E /* GithubTests.xctest */ = {isa = PBXFileReference; explicitFileType = wrapper.cfbundle; includeInIndex = 0; path = GithubTests.xctest; sourceTree = BUILT_PRODUCTS_DIR; };
		DB11D22A294B209800B4A93E /* GithubTests.swift */ = {isa = PBXFileReference; lastKnownFileType = sourcecode.swift; path = GithubTests.swift; sourceTree = "<group>"; };
		DB11D236294B209800B4A93E /* GithubUITestsLaunchTests.swift */ = {isa = PBXFileReference; lastKnownFileType = sourcecode.swift; path = GithubUITestsLaunchTests.swift; sourceTree = "<group>"; };
		DB1AED83294B2D6800DFEBE7 /* RequestTests.swift */ = {isa = PBXFileReference; lastKnownFileType = sourcecode.swift; path = RequestTests.swift; sourceTree = "<group>"; };
		DB1AED87294B2FC600DFEBE7 /* URLRequest+Init.swift */ = {isa = PBXFileReference; lastKnownFileType = sourcecode.swift; path = "URLRequest+Init.swift"; sourceTree = "<group>"; };
		DB1AED89294B2FF300DFEBE7 /* Endpoint.swift */ = {isa = PBXFileReference; lastKnownFileType = sourcecode.swift; path = Endpoint.swift; sourceTree = "<group>"; };
/* End PBXFileReference section */

/* Begin PBXFrameworksBuildPhase section */
		DB11D212294B209700B4A93E /* Frameworks */ = {
			isa = PBXFrameworksBuildPhase;
			buildActionMask = 2147483647;
			files = (
			);
			runOnlyForDeploymentPostprocessing = 0;
		};
		DB11D223294B209800B4A93E /* Frameworks */ = {
			isa = PBXFrameworksBuildPhase;
			buildActionMask = 2147483647;
			files = (
			);
			runOnlyForDeploymentPostprocessing = 0;
		};
/* End PBXFrameworksBuildPhase section */

/* Begin PBXGroup section */
		DB11D20C294B209700B4A93E = {
			isa = PBXGroup;
			children = (
				DB11D217294B209700B4A93E /* Github */,
				DB11D229294B209800B4A93E /* GithubTests */,
				DB11D233294B209800B4A93E /* GithubUITests */,
				DB11D216294B209700B4A93E /* Products */,
			);
			sourceTree = "<group>";
		};
		DB11D216294B209700B4A93E /* Products */ = {
			isa = PBXGroup;
			children = (
				DB11D215294B209700B4A93E /* Github.app */,
				DB11D226294B209800B4A93E /* GithubTests.xctest */,
			);
			name = Products;
			sourceTree = "<group>";
		};
		DB11D217294B209700B4A93E /* Github */ = {
			isa = PBXGroup;
			children = (
				DB1AED85294B2FB800DFEBE7 /* sources */,
				DB11D218294B209700B4A93E /* GithubApp.swift */,
				DB11D21A294B209700B4A93E /* ContentView.swift */,
				DB11D21C294B209800B4A93E /* Assets.xcassets */,
				DB11D21E294B209800B4A93E /* Github.entitlements */,
				DB11D21F294B209800B4A93E /* Preview Content */,
			);
			path = Github;
			sourceTree = "<group>";
		};
		DB11D21F294B209800B4A93E /* Preview Content */ = {
			isa = PBXGroup;
			children = (
				DB11D220294B209800B4A93E /* Preview Assets.xcassets */,
			);
			path = "Preview Content";
			sourceTree = "<group>";
		};
		DB11D229294B209800B4A93E /* GithubTests */ = {
			isa = PBXGroup;
			children = (
				DB11D22A294B209800B4A93E /* GithubTests.swift */,
			);
			path = GithubTests;
			sourceTree = "<group>";
		};
		DB11D233294B209800B4A93E /* GithubUITests */ = {
			isa = PBXGroup;
			children = (
				DB1AED81294B2D4000DFEBE7 /* sources */,
				DB11D236294B209800B4A93E /* GithubUITestsLaunchTests.swift */,
			);
			path = GithubUITests;
			sourceTree = "<group>";
		};
		DB1AED81294B2D4000DFEBE7 /* sources */ = {
			isa = PBXGroup;
			children = (
				DB1AED82294B2D5500DFEBE7 /* network */,
			);
			path = sources;
			sourceTree = "<group>";
		};
		DB1AED82294B2D5500DFEBE7 /* network */ = {
			isa = PBXGroup;
			children = (
				DB1AED83294B2D6800DFEBE7 /* RequestTests.swift */,
			);
			path = network;
			sourceTree = "<group>";
		};
		DB1AED85294B2FB800DFEBE7 /* sources */ = {
			isa = PBXGroup;
			children = (
				DB1AED86294B2FBA00DFEBE7 /* network */,
			);
			path = sources;
			sourceTree = "<group>";
		};
		DB1AED86294B2FBA00DFEBE7 /* network */ = {
			isa = PBXGroup;
			children = (
				DB1AED87294B2FC600DFEBE7 /* URLRequest+Init.swift */,
				DB1AED89294B2FF300DFEBE7 /* Endpoint.swift */,
			);
			path = network;
			sourceTree = "<group>";
		};
/* End PBXGroup section */

/* Begin PBXNativeTarget section */
		DB11D214294B209700B4A93E /* Github */ = {
			isa = PBXNativeTarget;
			buildConfigurationList = DB11D23A294B209800B4A93E /* Build configuration list for PBXNativeTarget "Github" */;
			buildPhases = (
				DB11D211294B209700B4A93E /* Sources */,
				DB11D212294B209700B4A93E /* Frameworks */,
				DB11D213294B209700B4A93E /* Resources */,
			);
			buildRules = (
			);
			dependencies = (
			);
			name = Github;
			productName = Github;
			productReference = DB11D215294B209700B4A93E /* Github.app */;
			productType = "com.apple.product-type.application";
		};
		DB11D225294B209800B4A93E /* GithubTests */ = {
			isa = PBXNativeTarget;
			buildConfigurationList = DB11D23D294B209800B4A93E /* Build configuration list for PBXNativeTarget "GithubTests" */;
			buildPhases = (
				DB11D222294B209800B4A93E /* Sources */,
				DB11D223294B209800B4A93E /* Frameworks */,
				DB11D224294B209800B4A93E /* Resources */,
			);
			buildRules = (
			);
			dependencies = (
				DB11D228294B209800B4A93E /* PBXTargetDependency */,
			);
			name = GithubTests;
			productName = GithubTests;
			productReference = DB11D226294B209800B4A93E /* GithubTests.xctest */;
			productType = "com.apple.product-type.bundle.unit-test";
		};
/* End PBXNativeTarget section */

/* Begin PBXProject section */
		DB11D20D294B209700B4A93E /* Project object */ = {
			isa = PBXProject;
			attributes = {
				BuildIndependentTargetsInParallel = 1;
				LastSwiftUpdateCheck = 1410;
				LastUpgradeCheck = 1410;
				TargetAttributes = {
					DB11D214294B209700B4A93E = {
						CreatedOnToolsVersion = 14.1;
					};
					DB11D225294B209800B4A93E = {
						CreatedOnToolsVersion = 14.1;
						TestTargetID = DB11D214294B209700B4A93E;
					};
				};
			};
			buildConfigurationList = DB11D210294B209700B4A93E /* Build configuration list for PBXProject "Github" */;
			compatibilityVersion = "Xcode 14.0";
			developmentRegion = en;
			hasScannedForEncodings = 0;
			knownRegions = (
				en,
				Base,
			);
			mainGroup = DB11D20C294B209700B4A93E;
			productRefGroup = DB11D216294B209700B4A93E /* Products */;
			projectDirPath = "";
			projectRoot = "";
			targets = (
				DB11D214294B209700B4A93E /* Github */,
				DB11D225294B209800B4A93E /* GithubTests */,
			);
		};
/* End PBXProject section */

/* Begin PBXResourcesBuildPhase section */
		DB11D213294B209700B4A93E /* Resources */ = {
			isa = PBXResourcesBuildPhase;
			buildActionMask = 2147483647;
			files = (
				DB11D221294B209800B4A93E /* Preview Assets.xcassets in Resources */,
				DB11D21D294B209800B4A93E /* Assets.xcassets in Resources */,
			);
			runOnlyForDeploymentPostprocessing = 0;
		};
		DB11D224294B209800B4A93E /* Resources */ = {
			isa = PBXResourcesBuildPhase;
			buildActionMask = 2147483647;
			files = (
			);
			runOnlyForDeploymentPostprocessing = 0;
		};
/* End PBXResourcesBuildPhase section */

/* Begin PBXSourcesBuildPhase section */
		DB11D211294B209700B4A93E /* Sources */ = {
			isa = PBXSourcesBuildPhase;
			buildActionMask = 2147483647;
			files = (
				DB1AED88294B2FC600DFEBE7 /* URLRequest+Init.swift in Sources */,
				DB11D21B294B209700B4A93E /* ContentView.swift in Sources */,
				DB1AED8A294B2FF300DFEBE7 /* Endpoint.swift in Sources */,
				DB11D219294B209700B4A93E /* GithubApp.swift in Sources */,
			);
			runOnlyForDeploymentPostprocessing = 0;
		};
		DB11D222294B209800B4A93E /* Sources */ = {
			isa = PBXSourcesBuildPhase;
			buildActionMask = 2147483647;
			files = (
				DB11D22B294B209800B4A93E /* GithubTests.swift in Sources */,
				DB1AED8B294B322E00DFEBE7 /* RequestTests.swift in Sources */,
			);
			runOnlyForDeploymentPostprocessing = 0;
		};
/* End PBXSourcesBuildPhase section */

/* Begin PBXTargetDependency section */
		DB11D228294B209800B4A93E /* PBXTargetDependency */ = {
			isa = PBXTargetDependency;
			target = DB11D214294B209700B4A93E /* Github */;
			targetProxy = DB11D227294B209800B4A93E /* PBXContainerItemProxy */;
		};
/* End PBXTargetDependency section */

/* Begin XCBuildConfiguration section */
		DB11D238294B209800B4A93E /* Debug */ = {
			isa = XCBuildConfiguration;
			buildSettings = {
				ALWAYS_SEARCH_USER_PATHS = NO;
				CLANG_ANALYZER_NONNULL = YES;
				CLANG_ANALYZER_NUMBER_OBJECT_CONVERSION = YES_AGGRESSIVE;
				CLANG_CXX_LANGUAGE_STANDARD = "gnu++20";
				CLANG_ENABLE_MODULES = YES;
				CLANG_ENABLE_OBJC_ARC = YES;
				CLANG_ENABLE_OBJC_WEAK = YES;
				CLANG_WARN_BLOCK_CAPTURE_AUTORELEASING = YES;
				CLANG_WARN_BOOL_CONVERSION = YES;
				CLANG_WARN_COMMA = YES;
				CLANG_WARN_CONSTANT_CONVERSION = YES;
				CLANG_WARN_DEPRECATED_OBJC_IMPLEMENTATIONS = YES;
				CLANG_WARN_DIRECT_OBJC_ISA_USAGE = YES_ERROR;
				CLANG_WARN_DOCUMENTATION_COMMENTS = YES;
				CLANG_WARN_EMPTY_BODY = YES;
				CLANG_WARN_ENUM_CONVERSION = YES;
				CLANG_WARN_INFINITE_RECURSION = YES;
				CLANG_WARN_INT_CONVERSION = YES;
				CLANG_WARN_NON_LITERAL_NULL_CONVERSION = YES;
				CLANG_WARN_OBJC_IMPLICIT_RETAIN_SELF = YES;
				CLANG_WARN_OBJC_LITERAL_CONVERSION = YES;
				CLANG_WARN_OBJC_ROOT_CLASS = YES_ERROR;
				CLANG_WARN_QUOTED_INCLUDE_IN_FRAMEWORK_HEADER = YES;
				CLANG_WARN_RANGE_LOOP_ANALYSIS = YES;
				CLANG_WARN_STRICT_PROTOTYPES = YES;
				CLANG_WARN_SUSPICIOUS_MOVE = YES;
				CLANG_WARN_UNGUARDED_AVAILABILITY = YES_AGGRESSIVE;
				CLANG_WARN_UNREACHABLE_CODE = YES;
				CLANG_WARN__DUPLICATE_METHOD_MATCH = YES;
				COPY_PHASE_STRIP = NO;
				DEBUG_INFORMATION_FORMAT = dwarf;
				ENABLE_STRICT_OBJC_MSGSEND = YES;
				ENABLE_TESTABILITY = YES;
				GCC_C_LANGUAGE_STANDARD = gnu11;
				GCC_DYNAMIC_NO_PIC = NO;
				GCC_NO_COMMON_BLOCKS = YES;
				GCC_OPTIMIZATION_LEVEL = 0;
				GCC_PREPROCESSOR_DEFINITIONS = (
					"DEBUG=1",
					"$(inherited)",
				);
				GCC_WARN_64_TO_32_BIT_CONVERSION = YES;
				GCC_WARN_ABOUT_RETURN_TYPE = YES_ERROR;
				GCC_WARN_UNDECLARED_SELECTOR = YES;
				GCC_WARN_UNINITIALIZED_AUTOS = YES_AGGRESSIVE;
				GCC_WARN_UNUSED_FUNCTION = YES;
				GCC_WARN_UNUSED_VARIABLE = YES;
				MTL_ENABLE_DEBUG_INFO = INCLUDE_SOURCE;
				MTL_FAST_MATH = YES;
				ONLY_ACTIVE_ARCH = YES;
				SWIFT_ACTIVE_COMPILATION_CONDITIONS = DEBUG;
				SWIFT_OPTIMIZATION_LEVEL = "-Onone";
			};
			name = Debug;
		};
		DB11D239294B209800B4A93E /* Release */ = {
			isa = XCBuildConfiguration;
			buildSettings = {
				ALWAYS_SEARCH_USER_PATHS = NO;
				CLANG_ANALYZER_NONNULL = YES;
				CLANG_ANALYZER_NUMBER_OBJECT_CONVERSION = YES_AGGRESSIVE;
				CLANG_CXX_LANGUAGE_STANDARD = "gnu++20";
				CLANG_ENABLE_MODULES = YES;
				CLANG_ENABLE_OBJC_ARC = YES;
				CLANG_ENABLE_OBJC_WEAK = YES;
				CLANG_WARN_BLOCK_CAPTURE_AUTORELEASING = YES;
				CLANG_WARN_BOOL_CONVERSION = YES;
				CLANG_WARN_COMMA = YES;
				CLANG_WARN_CONSTANT_CONVERSION = YES;
				CLANG_WARN_DEPRECATED_OBJC_IMPLEMENTATIONS = YES;
				CLANG_WARN_DIRECT_OBJC_ISA_USAGE = YES_ERROR;
				CLANG_WARN_DOCUMENTATION_COMMENTS = YES;
				CLANG_WARN_EMPTY_BODY = YES;
				CLANG_WARN_ENUM_CONVERSION = YES;
				CLANG_WARN_INFINITE_RECURSION = YES;
				CLANG_WARN_INT_CONVERSION = YES;
				CLANG_WARN_NON_LITERAL_NULL_CONVERSION = YES;
				CLANG_WARN_OBJC_IMPLICIT_RETAIN_SELF = YES;
				CLANG_WARN_OBJC_LITERAL_CONVERSION = YES;
				CLANG_WARN_OBJC_ROOT_CLASS = YES_ERROR;
				CLANG_WARN_QUOTED_INCLUDE_IN_FRAMEWORK_HEADER = YES;
				CLANG_WARN_RANGE_LOOP_ANALYSIS = YES;
				CLANG_WARN_STRICT_PROTOTYPES = YES;
				CLANG_WARN_SUSPICIOUS_MOVE = YES;
				CLANG_WARN_UNGUARDED_AVAILABILITY = YES_AGGRESSIVE;
				CLANG_WARN_UNREACHABLE_CODE = YES;
				CLANG_WARN__DUPLICATE_METHOD_MATCH = YES;
				COPY_PHASE_STRIP = NO;
				DEBUG_INFORMATION_FORMAT = "dwarf-with-dsym";
				ENABLE_NS_ASSERTIONS = NO;
				ENABLE_STRICT_OBJC_MSGSEND = YES;
				GCC_C_LANGUAGE_STANDARD = gnu11;
				GCC_NO_COMMON_BLOCKS = YES;
				GCC_WARN_64_TO_32_BIT_CONVERSION = YES;
				GCC_WARN_ABOUT_RETURN_TYPE = YES_ERROR;
				GCC_WARN_UNDECLARED_SELECTOR = YES;
				GCC_WARN_UNINITIALIZED_AUTOS = YES_AGGRESSIVE;
				GCC_WARN_UNUSED_FUNCTION = YES;
				GCC_WARN_UNUSED_VARIABLE = YES;
				MTL_ENABLE_DEBUG_INFO = NO;
				MTL_FAST_MATH = YES;
				SWIFT_COMPILATION_MODE = wholemodule;
				SWIFT_OPTIMIZATION_LEVEL = "-O";
			};
			name = Release;
		};
		DB11D23B294B209800B4A93E /* Debug */ = {
			isa = XCBuildConfiguration;
			buildSettings = {
				ASSETCATALOG_COMPILER_APPICON_NAME = AppIcon;
				ASSETCATALOG_COMPILER_GLOBAL_ACCENT_COLOR_NAME = AccentColor;
				CODE_SIGN_ENTITLEMENTS = Github/Github.entitlements;
				CODE_SIGN_STYLE = Automatic;
				CURRENT_PROJECT_VERSION = 1;
				DEVELOPMENT_ASSET_PATHS = "\"Github/Preview Content\"";
				ENABLE_PREVIEWS = YES;
				GENERATE_INFOPLIST_FILE = YES;
				"INFOPLIST_KEY_UIApplicationSceneManifest_Generation[sdk=iphoneos*]" = YES;
				"INFOPLIST_KEY_UIApplicationSceneManifest_Generation[sdk=iphonesimulator*]" = YES;
				"INFOPLIST_KEY_UIApplicationSupportsIndirectInputEvents[sdk=iphoneos*]" = YES;
				"INFOPLIST_KEY_UIApplicationSupportsIndirectInputEvents[sdk=iphonesimulator*]" = YES;
				"INFOPLIST_KEY_UILaunchScreen_Generation[sdk=iphoneos*]" = YES;
				"INFOPLIST_KEY_UILaunchScreen_Generation[sdk=iphonesimulator*]" = YES;
				"INFOPLIST_KEY_UIStatusBarStyle[sdk=iphoneos*]" = UIStatusBarStyleDefault;
				"INFOPLIST_KEY_UIStatusBarStyle[sdk=iphonesimulator*]" = UIStatusBarStyleDefault;
				INFOPLIST_KEY_UISupportedInterfaceOrientations_iPad = "UIInterfaceOrientationPortrait UIInterfaceOrientationPortraitUpsideDown UIInterfaceOrientationLandscapeLeft UIInterfaceOrientationLandscapeRight";
				INFOPLIST_KEY_UISupportedInterfaceOrientations_iPhone = "UIInterfaceOrientationPortrait UIInterfaceOrientationLandscapeLeft UIInterfaceOrientationLandscapeRight";
				IPHONEOS_DEPLOYMENT_TARGET = 16.1;
				LD_RUNPATH_SEARCH_PATHS = "@executable_path/Frameworks";
				"LD_RUNPATH_SEARCH_PATHS[sdk=macosx*]" = "@executable_path/../Frameworks";
				MACOSX_DEPLOYMENT_TARGET = 13.0;
				MARKETING_VERSION = 1.0;
				PRODUCT_BUNDLE_IDENTIFIER = com.crg.Github;
				PRODUCT_NAME = "$(TARGET_NAME)";
				SDKROOT = auto;
				SUPPORTED_PLATFORMS = "iphoneos iphonesimulator macosx";
				SWIFT_EMIT_LOC_STRINGS = YES;
				SWIFT_VERSION = 5.0;
				TARGETED_DEVICE_FAMILY = "1,2";
			};
			name = Debug;
		};
		DB11D23C294B209800B4A93E /* Release */ = {
			isa = XCBuildConfiguration;
			buildSettings = {
				ASSETCATALOG_COMPILER_APPICON_NAME = AppIcon;
				ASSETCATALOG_COMPILER_GLOBAL_ACCENT_COLOR_NAME = AccentColor;
				CODE_SIGN_ENTITLEMENTS = Github/Github.entitlements;
				CODE_SIGN_STYLE = Automatic;
				CURRENT_PROJECT_VERSION = 1;
				DEVELOPMENT_ASSET_PATHS = "\"Github/Preview Content\"";
				ENABLE_PREVIEWS = YES;
				GENERATE_INFOPLIST_FILE = YES;
				"INFOPLIST_KEY_UIApplicationSceneManifest_Generation[sdk=iphoneos*]" = YES;
				"INFOPLIST_KEY_UIApplicationSceneManifest_Generation[sdk=iphonesimulator*]" = YES;
				"INFOPLIST_KEY_UIApplicationSupportsIndirectInputEvents[sdk=iphoneos*]" = YES;
				"INFOPLIST_KEY_UIApplicationSupportsIndirectInputEvents[sdk=iphonesimulator*]" = YES;
				"INFOPLIST_KEY_UILaunchScreen_Generation[sdk=iphoneos*]" = YES;
				"INFOPLIST_KEY_UILaunchScreen_Generation[sdk=iphonesimulator*]" = YES;
				"INFOPLIST_KEY_UIStatusBarStyle[sdk=iphoneos*]" = UIStatusBarStyleDefault;
				"INFOPLIST_KEY_UIStatusBarStyle[sdk=iphonesimulator*]" = UIStatusBarStyleDefault;
				INFOPLIST_KEY_UISupportedInterfaceOrientations_iPad = "UIInterfaceOrientationPortrait UIInterfaceOrientationPortraitUpsideDown UIInterfaceOrientationLandscapeLeft UIInterfaceOrientationLandscapeRight";
				INFOPLIST_KEY_UISupportedInterfaceOrientations_iPhone = "UIInterfaceOrientationPortrait UIInterfaceOrientationLandscapeLeft UIInterfaceOrientationLandscapeRight";
				IPHONEOS_DEPLOYMENT_TARGET = 16.1;
				LD_RUNPATH_SEARCH_PATHS = "@executable_path/Frameworks";
				"LD_RUNPATH_SEARCH_PATHS[sdk=macosx*]" = "@executable_path/../Frameworks";
				MACOSX_DEPLOYMENT_TARGET = 13.0;
				MARKETING_VERSION = 1.0;
				PRODUCT_BUNDLE_IDENTIFIER = com.crg.Github;
				PRODUCT_NAME = "$(TARGET_NAME)";
				SDKROOT = auto;
				SUPPORTED_PLATFORMS = "iphoneos iphonesimulator macosx";
				SWIFT_EMIT_LOC_STRINGS = YES;
				SWIFT_VERSION = 5.0;
				TARGETED_DEVICE_FAMILY = "1,2";
			};
			name = Release;
		};
		DB11D23E294B209800B4A93E /* Debug */ = {
			isa = XCBuildConfiguration;
			buildSettings = {
				ALWAYS_EMBED_SWIFT_STANDARD_LIBRARIES = YES;
				BUNDLE_LOADER = "$(TEST_HOST)";
				CODE_SIGN_STYLE = Automatic;
				CURRENT_PROJECT_VERSION = 1;
				GENERATE_INFOPLIST_FILE = YES;
				IPHONEOS_DEPLOYMENT_TARGET = 16.1;
				MACOSX_DEPLOYMENT_TARGET = 13.0;
				MARKETING_VERSION = 1.0;
				PRODUCT_BUNDLE_IDENTIFIER = com.crg.GithubTests;
				PRODUCT_NAME = "$(TARGET_NAME)";
				SDKROOT = auto;
				SUPPORTED_PLATFORMS = "iphoneos iphonesimulator macosx";
				SWIFT_EMIT_LOC_STRINGS = NO;
				SWIFT_VERSION = 5.0;
				TARGETED_DEVICE_FAMILY = "1,2";
				TEST_HOST = "$(BUILT_PRODUCTS_DIR)/Github.app/$(BUNDLE_EXECUTABLE_FOLDER_PATH)/Github";
			};
			name = Debug;
		};
		DB11D23F294B209800B4A93E /* Release */ = {
			isa = XCBuildConfiguration;
			buildSettings = {
				ALWAYS_EMBED_SWIFT_STANDARD_LIBRARIES = YES;
				BUNDLE_LOADER = "$(TEST_HOST)";
				CODE_SIGN_STYLE = Automatic;
				CURRENT_PROJECT_VERSION = 1;
				GENERATE_INFOPLIST_FILE = YES;
				IPHONEOS_DEPLOYMENT_TARGET = 16.1;
				MACOSX_DEPLOYMENT_TARGET = 13.0;
				MARKETING_VERSION = 1.0;
				PRODUCT_BUNDLE_IDENTIFIER = com.crg.GithubTests;
				PRODUCT_NAME = "$(TARGET_NAME)";
				SDKROOT = auto;
				SUPPORTED_PLATFORMS = "iphoneos iphonesimulator macosx";
				SWIFT_EMIT_LOC_STRINGS = NO;
				SWIFT_VERSION = 5.0;
				TARGETED_DEVICE_FAMILY = "1,2";
				TEST_HOST = "$(BUILT_PRODUCTS_DIR)/Github.app/$(BUNDLE_EXECUTABLE_FOLDER_PATH)/Github";
			};
			name = Release;
		};
/* End XCBuildConfiguration section */

/* Begin XCConfigurationList section */
		DB11D210294B209700B4A93E /* Build configuration list for PBXProject "Github" */ = {
			isa = XCConfigurationList;
			buildConfigurations = (
				DB11D238294B209800B4A93E /* Debug */,
				DB11D239294B209800B4A93E /* Release */,
			);
			defaultConfigurationIsVisible = 0;
			defaultConfigurationName = Release;
		};
		DB11D23A294B209800B4A93E /* Build configuration list for PBXNativeTarget "Github" */ = {
			isa = XCConfigurationList;
			buildConfigurations = (
				DB11D23B294B209800B4A93E /* Debug */,
				DB11D23C294B209800B4A93E /* Release */,
			);
			defaultConfigurationIsVisible = 0;
			defaultConfigurationName = Release;
		};
		DB11D23D294B209800B4A93E /* Build configuration list for PBXNativeTarget "GithubTests" */ = {
			isa = XCConfigurationList;
			buildConfigurations = (
				DB11D23E294B209800B4A93E /* Debug */,
				DB11D23F294B209800B4A93E /* Release */,
			);
			defaultConfigurationIsVisible = 0;
			defaultConfigurationName = Release;
		};
/* End XCConfigurationList section */
	};
	rootObject = DB11D20D294B209700B4A93E /* Project object */;
}
